
Microsoft Visual Studio Solution File, Format Version 12.00
# Visual Studio Version 17
VisualStudioVersion = 17.2.32630.192
MinimumVisualStudioVersion = 10.0.40219.1
Project("{FAE04EC0-301F-11D3-BF4B-00C04F79EFBC}") = "语音合成API", "语音合成API.csproj", "{5ACF6648-969F-4A29-AFBC-161D7834EEAD}"
EndProject
Global
	GlobalSection(SolutionConfigurationPlatforms) = preSolution
		Debug|Any CPU = Debug|Any CPU
		Release|Any CPU = Release|Any CPU
	EndGlobalSection
	GlobalSection(ProjectConfigurationPlatforms) = postSolution
		{5ACF6648-969F-4A29-AFBC-161D7834EEAD}.Debug|Any CPU.ActiveCfg = Debug|Any CPU
		{5ACF6648-969F-4A29-AFBC-161D7834EEAD}.Debug|Any CPU.Build.0 = Debug|Any CPU
		{5ACF6648-969F-4A29-AFBC-161D7834EEAD}.Release|Any CPU.ActiveCfg = Release|Any CPU
		{5ACF6648-969F-4A29-AFBC-161D7834EEAD}.Release|Any CPU.Build.0 = Release|Any CPU
	EndGlobalSection
	GlobalSection(SolutionProperties) = preSolution
		HideSolutionNode = FALSE
	EndGlobalSection
	GlobalSection(ExtensibilityGlobals) = postSolution
		SolutionGuid = {5B2AD26E-DDCB-4D39-BF82-D24C075565AC}
	EndGlobalSection
EndGlobal
